// !$*UTF8*$!
{
	archiveVersion = 1;
	classes = {
	};
	objectVersion = 56;
	objects = {

/* Begin PBXBuildFile section */
		0C28FEF62AE001FA00994E12 /* FirebaseAnalytics in Frameworks */ = {isa = PBXBuildFile; productRef = 0C28FEF52AE001FA00994E12 /* FirebaseAnalytics */; };
		0C28FEF82AE001FA00994E12 /* FirebaseAnalyticsOnDeviceConversion in Frameworks */ = {isa = PBXBuildFile; productRef = 0C28FEF72AE001FA00994E12 /* FirebaseAnalyticsOnDeviceConversion */; };
		0C28FEFA2AE001FA00994E12 /* FirebaseAnalyticsSwift in Frameworks */ = {isa = PBXBuildFile; productRef = 0C28FEF92AE001FA00994E12 /* FirebaseAnalyticsSwift */; };
		0C28FEFC2AE001FA00994E12 /* FirebaseAnalyticsWithoutAdIdSupport in Frameworks */ = {isa = PBXBuildFile; productRef = 0C28FEFB2AE001FA00994E12 /* FirebaseAnalyticsWithoutAdIdSupport */; };
		0C28FEFE2AE001FA00994E12 /* FirebaseAppCheck in Frameworks */ = {isa = PBXBuildFile; productRef = 0C28FEFD2AE001FA00994E12 /* FirebaseAppCheck */; };
		0C28FF002AE001FA00994E12 /* FirebaseAppDistribution-Beta in Frameworks */ = {isa = PBXBuildFile; productRef = 0C28FEFF2AE001FA00994E12 /* FirebaseAppDistribution-Beta */; };
		0C28FF022AE001FA00994E12 /* FirebaseAuth in Frameworks */ = {isa = PBXBuildFile; productRef = 0C28FF012AE001FA00994E12 /* FirebaseAuth */; };
		0C28FF042AE001FA00994E12 /* FirebaseAuthCombine-Community in Frameworks */ = {isa = PBXBuildFile; productRef = 0C28FF032AE001FA00994E12 /* FirebaseAuthCombine-Community */; };
		0C28FF062AE001FA00994E12 /* FirebaseCrashlytics in Frameworks */ = {isa = PBXBuildFile; productRef = 0C28FF052AE001FA00994E12 /* FirebaseCrashlytics */; };
		0C28FF082AE001FA00994E12 /* FirebaseDatabase in Frameworks */ = {isa = PBXBuildFile; productRef = 0C28FF072AE001FA00994E12 /* FirebaseDatabase */; };
		0C28FF0A2AE001FA00994E12 /* FirebaseDatabaseSwift in Frameworks */ = {isa = PBXBuildFile; productRef = 0C28FF092AE001FA00994E12 /* FirebaseDatabaseSwift */; };
		0C28FF0C2AE001FA00994E12 /* FirebaseDynamicLinks in Frameworks */ = {isa = PBXBuildFile; productRef = 0C28FF0B2AE001FA00994E12 /* FirebaseDynamicLinks */; };
		0C28FF0E2AE001FA00994E12 /* FirebaseFirestore in Frameworks */ = {isa = PBXBuildFile; productRef = 0C28FF0D2AE001FA00994E12 /* FirebaseFirestore */; };
		0C28FF102AE001FA00994E12 /* FirebaseFirestoreCombine-Community in Frameworks */ = {isa = PBXBuildFile; productRef = 0C28FF0F2AE001FA00994E12 /* FirebaseFirestoreCombine-Community */; };
		0C28FF122AE001FA00994E12 /* FirebaseFirestoreSwift in Frameworks */ = {isa = PBXBuildFile; productRef = 0C28FF112AE001FA00994E12 /* FirebaseFirestoreSwift */; };
		0C28FF142AE001FA00994E12 /* FirebaseFunctions in Frameworks */ = {isa = PBXBuildFile; productRef = 0C28FF132AE001FA00994E12 /* FirebaseFunctions */; };
		0C28FF162AE001FA00994E12 /* FirebaseFunctionsCombine-Community in Frameworks */ = {isa = PBXBuildFile; productRef = 0C28FF152AE001FA00994E12 /* FirebaseFunctionsCombine-Community */; };
		0C28FF182AE001FA00994E12 /* FirebaseInAppMessaging-Beta in Frameworks */ = {isa = PBXBuildFile; productRef = 0C28FF172AE001FA00994E12 /* FirebaseInAppMessaging-Beta */; };
		0C28FF1A2AE001FA00994E12 /* FirebaseInAppMessagingSwift-Beta in Frameworks */ = {isa = PBXBuildFile; productRef = 0C28FF192AE001FA00994E12 /* FirebaseInAppMessagingSwift-Beta */; };
		0C28FF1C2AE001FA00994E12 /* FirebaseInstallations in Frameworks */ = {isa = PBXBuildFile; productRef = 0C28FF1B2AE001FA00994E12 /* FirebaseInstallations */; };
		0C28FF1E2AE001FA00994E12 /* FirebaseMLModelDownloader in Frameworks */ = {isa = PBXBuildFile; productRef = 0C28FF1D2AE001FA00994E12 /* FirebaseMLModelDownloader */; };
		0C28FF202AE001FA00994E12 /* FirebaseMessaging in Frameworks */ = {isa = PBXBuildFile; productRef = 0C28FF1F2AE001FA00994E12 /* FirebaseMessaging */; };
		0C28FF222AE001FA00994E12 /* FirebasePerformance in Frameworks */ = {isa = PBXBuildFile; productRef = 0C28FF212AE001FA00994E12 /* FirebasePerformance */; };
		0C28FF242AE001FA00994E12 /* FirebaseRemoteConfig in Frameworks */ = {isa = PBXBuildFile; productRef = 0C28FF232AE001FA00994E12 /* FirebaseRemoteConfig */; };
		0C28FF262AE001FA00994E12 /* FirebaseRemoteConfigSwift in Frameworks */ = {isa = PBXBuildFile; productRef = 0C28FF252AE001FA00994E12 /* FirebaseRemoteConfigSwift */; };
		0C28FF282AE001FA00994E12 /* FirebaseStorage in Frameworks */ = {isa = PBXBuildFile; productRef = 0C28FF272AE001FA00994E12 /* FirebaseStorage */; };
		0C28FF2A2AE001FA00994E12 /* FirebaseStorageCombine-Community in Frameworks */ = {isa = PBXBuildFile; productRef = 0C28FF292AE001FA00994E12 /* FirebaseStorageCombine-Community */; };
		0C28FF2E2AE0172200994E12 /* AuthService.swift in Sources */ = {isa = PBXBuildFile; fileRef = 0C28FF2D2AE0172200994E12 /* AuthService.swift */; };
		0C3BF4DF2AE0B9FB00B5CBE1 /* ContentViewModel.swift in Sources */ = {isa = PBXBuildFile; fileRef = 0C3BF4DE2AE0B9FB00B5CBE1 /* ContentViewModel.swift */; };
		0C44CAD12AE2B973005D8985 /* CurrentUserProfileView.swift in Sources */ = {isa = PBXBuildFile; fileRef = 0C44CAD02AE2B973005D8985 /* CurrentUserProfileView.swift */; };
		0C44CAD52AE2B9D0005D8985 /* CurrentUserProfileViewModel.swift in Sources */ = {isa = PBXBuildFile; fileRef = 0C44CAD42AE2B9D0005D8985 /* CurrentUserProfileViewModel.swift */; };
		0C44CAD82AE2BBB3005D8985 /* ProfileHeaderView.swift in Sources */ = {isa = PBXBuildFile; fileRef = 0C44CAD72AE2BBB3005D8985 /* ProfileHeaderView.swift */; };
		0C44CADA2AE2BD87005D8985 /* UserContentListView.swift in Sources */ = {isa = PBXBuildFile; fileRef = 0C44CAD92AE2BD87005D8985 /* UserContentListView.swift */; };
		0C52C9372AEFD60B00F84757 /* GoogleService-Info.plist in Resources */ = {isa = PBXBuildFile; fileRef = 0C52C9362AEFD60B00F84757 /* GoogleService-Info.plist */; };
		0C52C93A2AF0734C00F84757 /* Kingfisher in Frameworks */ = {isa = PBXBuildFile; productRef = 0C52C9392AF0734C00F84757 /* Kingfisher */; };
		0C54D62F2ADE26B20027B57B /* ThreadsCopyApp.swift in Sources */ = {isa = PBXBuildFile; fileRef = 0C54D62E2ADE26B20027B57B /* ThreadsCopyApp.swift */; };
		0C54D6312ADE26B20027B57B /* ContentView.swift in Sources */ = {isa = PBXBuildFile; fileRef = 0C54D6302ADE26B20027B57B /* ContentView.swift */; };
		0C54D6332ADE26B30027B57B /* Assets.xcassets in Resources */ = {isa = PBXBuildFile; fileRef = 0C54D6322ADE26B30027B57B /* Assets.xcassets */; };
		0C54D6362ADE26B30027B57B /* Preview Assets.xcassets in Resources */ = {isa = PBXBuildFile; fileRef = 0C54D6352ADE26B30027B57B /* Preview Assets.xcassets */; };
		0C54D6482ADE27680027B57B /* LoginView.swift in Sources */ = {isa = PBXBuildFile; fileRef = 0C54D6472ADE27680027B57B /* LoginView.swift */; };
		0C54D64A2ADE2D290027B57B /* RegistrationView.swift in Sources */ = {isa = PBXBuildFile; fileRef = 0C54D6492ADE2D290027B57B /* RegistrationView.swift */; };
		0C54D64D2ADE2E7B0027B57B /* ThreadsTextFieldModifier.swift in Sources */ = {isa = PBXBuildFile; fileRef = 0C54D64C2ADE2E7B0027B57B /* ThreadsTextFieldModifier.swift */; };
		0C54D64F2ADE30800027B57B /* ThreadsLoginSingUpButtonModifier.swift in Sources */ = {isa = PBXBuildFile; fileRef = 0C54D64E2ADE30800027B57B /* ThreadsLoginSingUpButtonModifier.swift */; };
		0C54D6532ADE35BF0027B57B /* RegistrationViewModel.swift in Sources */ = {isa = PBXBuildFile; fileRef = 0C54D6522ADE35BF0027B57B /* RegistrationViewModel.swift */; };
		0C54D6552ADE36ED0027B57B /* LoginViewModel.swift in Sources */ = {isa = PBXBuildFile; fileRef = 0C54D6542ADE36ED0027B57B /* LoginViewModel.swift */; };
		0C54D6582ADE3C420027B57B /* ThreadsTabView.swift in Sources */ = {isa = PBXBuildFile; fileRef = 0C54D6572ADE3C420027B57B /* ThreadsTabView.swift */; };
		0C54D65C2ADE403C0027B57B /* FeedView.swift in Sources */ = {isa = PBXBuildFile; fileRef = 0C54D65B2ADE403C0027B57B /* FeedView.swift */; };
		0C54D65F2ADE40590027B57B /* ExploreView.swift in Sources */ = {isa = PBXBuildFile; fileRef = 0C54D65E2ADE40590027B57B /* ExploreView.swift */; };
		0C54D6662ADE40A00027B57B /* ActivityView.swift in Sources */ = {isa = PBXBuildFile; fileRef = 0C54D6652ADE40A00027B57B /* ActivityView.swift */; };
		0C54D6692ADE40AC0027B57B /* ProfileView.swift in Sources */ = {isa = PBXBuildFile; fileRef = 0C54D6682ADE40AC0027B57B /* ProfileView.swift */; };
		0C54D66B2ADE40E10027B57B /* CreateThreadView.swift in Sources */ = {isa = PBXBuildFile; fileRef = 0C54D66A2ADE40E10027B57B /* CreateThreadView.swift */; };
		0C54D66D2ADEBCA60027B57B /* ThreadCell.swift in Sources */ = {isa = PBXBuildFile; fileRef = 0C54D66C2ADEBCA60027B57B /* ThreadCell.swift */; };
		0C54D6702ADECDBF0027B57B /* CircularProfileImageView.swift in Sources */ = {isa = PBXBuildFile; fileRef = 0C54D66F2ADECDBF0027B57B /* CircularProfileImageView.swift */; };
		0C54D6722ADECE5C0027B57B /* UserCell.swift in Sources */ = {isa = PBXBuildFile; fileRef = 0C54D6712ADECE5C0027B57B /* UserCell.swift */; };
		0C54D6762ADF79C70027B57B /* ProfileThreadFilter.swift in Sources */ = {isa = PBXBuildFile; fileRef = 0C54D6752ADF79C70027B57B /* ProfileThreadFilter.swift */; };
		0C54D6792ADF7F870027B57B /* EditProfileView.swift in Sources */ = {isa = PBXBuildFile; fileRef = 0C54D6782ADF7F870027B57B /* EditProfileView.swift */; };
		0C54D67D2ADF88A30027B57B /* ThreadTabViewOption.swift in Sources */ = {isa = PBXBuildFile; fileRef = 0C54D67C2ADF88A30027B57B /* ThreadTabViewOption.swift */; };
		0C5BE2AD2AE2EC17004B5C3D /* EditProfileViewModel.swift in Sources */ = {isa = PBXBuildFile; fileRef = 0C5BE2AC2AE2EC17004B5C3D /* EditProfileViewModel.swift */; };
		0C5BE2AF2AE2EE5C004B5C3D /* ImageUploader.swift in Sources */ = {isa = PBXBuildFile; fileRef = 0C5BE2AE2AE2EE5C004B5C3D /* ImageUploader.swift */; };
		0C877F842AE1E1EC0099CD85 /* AuthServiceDelegate.swift in Sources */ = {isa = PBXBuildFile; fileRef = 0C877F832AE1E1EC0099CD85 /* AuthServiceDelegate.swift */; };
		0C877F882AE1EBD60099CD85 /* User.swift in Sources */ = {isa = PBXBuildFile; fileRef = 0C877F872AE1EBD60099CD85 /* User.swift */; };
		0C877F8A2AE1F49C0099CD85 /* UserService.swift in Sources */ = {isa = PBXBuildFile; fileRef = 0C877F892AE1F49C0099CD85 /* UserService.swift */; };
		0C877F8D2AE1F5ED0099CD85 /* ProfileViewModel.swift in Sources */ = {isa = PBXBuildFile; fileRef = 0C877F8C2AE1F5ED0099CD85 /* ProfileViewModel.swift */; };
		0C877F8F2AE1FAC60099CD85 /* ExploreViewModel.swift in Sources */ = {isa = PBXBuildFile; fileRef = 0C877F8E2AE1FAC60099CD85 /* ExploreViewModel.swift */; };
		0C877F912AE1FDC10099CD85 /* DeveloperPreview.swift in Sources */ = {isa = PBXBuildFile; fileRef = 0C877F902AE1FDC10099CD85 /* DeveloperPreview.swift */; };
/* End PBXBuildFile section */

/* Begin PBXFileReference section */
		0C28FF2D2AE0172200994E12 /* AuthService.swift */ = {isa = PBXFileReference; lastKnownFileType = sourcecode.swift; path = AuthService.swift; sourceTree = "<group>"; };
		0C3BF4DE2AE0B9FB00B5CBE1 /* ContentViewModel.swift */ = {isa = PBXFileReference; lastKnownFileType = sourcecode.swift; path = ContentViewModel.swift; sourceTree = "<group>"; };
		0C44CAD02AE2B973005D8985 /* CurrentUserProfileView.swift */ = {isa = PBXFileReference; lastKnownFileType = sourcecode.swift; path = CurrentUserProfileView.swift; sourceTree = "<group>"; };
		0C44CAD42AE2B9D0005D8985 /* CurrentUserProfileViewModel.swift */ = {isa = PBXFileReference; lastKnownFileType = sourcecode.swift; path = CurrentUserProfileViewModel.swift; sourceTree = "<group>"; };
		0C44CAD72AE2BBB3005D8985 /* ProfileHeaderView.swift */ = {isa = PBXFileReference; lastKnownFileType = sourcecode.swift; path = ProfileHeaderView.swift; sourceTree = "<group>"; };
		0C44CAD92AE2BD87005D8985 /* UserContentListView.swift */ = {isa = PBXFileReference; lastKnownFileType = sourcecode.swift; path = UserContentListView.swift; sourceTree = "<group>"; };
		0C52C9362AEFD60B00F84757 /* GoogleService-Info.plist */ = {isa = PBXFileReference; fileEncoding = 4; lastKnownFileType = text.plist.xml; path = "GoogleService-Info.plist"; sourceTree = "<group>"; };
		0C54D62B2ADE26B20027B57B /* ThreadsCopy.app */ = {isa = PBXFileReference; explicitFileType = wrapper.application; includeInIndex = 0; path = ThreadsCopy.app; sourceTree = BUILT_PRODUCTS_DIR; };
		0C54D62E2ADE26B20027B57B /* ThreadsCopyApp.swift */ = {isa = PBXFileReference; lastKnownFileType = sourcecode.swift; path = ThreadsCopyApp.swift; sourceTree = "<group>"; };
		0C54D6302ADE26B20027B57B /* ContentView.swift */ = {isa = PBXFileReference; lastKnownFileType = sourcecode.swift; path = ContentView.swift; sourceTree = "<group>"; };
		0C54D6322ADE26B30027B57B /* Assets.xcassets */ = {isa = PBXFileReference; lastKnownFileType = folder.assetcatalog; path = Assets.xcassets; sourceTree = "<group>"; };
		0C54D6352ADE26B30027B57B /* Preview Assets.xcassets */ = {isa = PBXFileReference; lastKnownFileType = folder.assetcatalog; path = "Preview Assets.xcassets"; sourceTree = "<group>"; };
		0C54D6472ADE27680027B57B /* LoginView.swift */ = {isa = PBXFileReference; lastKnownFileType = sourcecode.swift; path = LoginView.swift; sourceTree = "<group>"; };
		0C54D6492ADE2D290027B57B /* RegistrationView.swift */ = {isa = PBXFileReference; lastKnownFileType = sourcecode.swift; path = RegistrationView.swift; sourceTree = "<group>"; };
		0C54D64C2ADE2E7B0027B57B /* ThreadsTextFieldModifier.swift */ = {isa = PBXFileReference; lastKnownFileType = sourcecode.swift; path = ThreadsTextFieldModifier.swift; sourceTree = "<group>"; };
		0C54D64E2ADE30800027B57B /* ThreadsLoginSingUpButtonModifier.swift */ = {isa = PBXFileReference; lastKnownFileType = sourcecode.swift; path = ThreadsLoginSingUpButtonModifier.swift; sourceTree = "<group>"; };
		0C54D6522ADE35BF0027B57B /* RegistrationViewModel.swift */ = {isa = PBXFileReference; lastKnownFileType = sourcecode.swift; path = RegistrationViewModel.swift; sourceTree = "<group>"; };
		0C54D6542ADE36ED0027B57B /* LoginViewModel.swift */ = {isa = PBXFileReference; lastKnownFileType = sourcecode.swift; path = LoginViewModel.swift; sourceTree = "<group>"; };
		0C54D6572ADE3C420027B57B /* ThreadsTabView.swift */ = {isa = PBXFileReference; lastKnownFileType = sourcecode.swift; path = ThreadsTabView.swift; sourceTree = "<group>"; };
		0C54D65B2ADE403C0027B57B /* FeedView.swift */ = {isa = PBXFileReference; lastKnownFileType = sourcecode.swift; path = FeedView.swift; sourceTree = "<group>"; };
		0C54D65E2ADE40590027B57B /* ExploreView.swift */ = {isa = PBXFileReference; lastKnownFileType = sourcecode.swift; path = ExploreView.swift; sourceTree = "<group>"; };
		0C54D6652ADE40A00027B57B /* ActivityView.swift */ = {isa = PBXFileReference; lastKnownFileType = sourcecode.swift; path = ActivityView.swift; sourceTree = "<group>"; };
		0C54D6682ADE40AC0027B57B /* ProfileView.swift */ = {isa = PBXFileReference; lastKnownFileType = sourcecode.swift; path = ProfileView.swift; sourceTree = "<group>"; };
		0C54D66A2ADE40E10027B57B /* CreateThreadView.swift */ = {isa = PBXFileReference; lastKnownFileType = sourcecode.swift; path = CreateThreadView.swift; sourceTree = "<group>"; };
		0C54D66C2ADEBCA60027B57B /* ThreadCell.swift */ = {isa = PBXFileReference; lastKnownFileType = sourcecode.swift; path = ThreadCell.swift; sourceTree = "<group>"; };
		0C54D66F2ADECDBF0027B57B /* CircularProfileImageView.swift */ = {isa = PBXFileReference; lastKnownFileType = sourcecode.swift; path = CircularProfileImageView.swift; sourceTree = "<group>"; };
		0C54D6712ADECE5C0027B57B /* UserCell.swift */ = {isa = PBXFileReference; lastKnownFileType = sourcecode.swift; path = UserCell.swift; sourceTree = "<group>"; };
		0C54D6752ADF79C70027B57B /* ProfileThreadFilter.swift */ = {isa = PBXFileReference; lastKnownFileType = sourcecode.swift; path = ProfileThreadFilter.swift; sourceTree = "<group>"; };
		0C54D6782ADF7F870027B57B /* EditProfileView.swift */ = {isa = PBXFileReference; lastKnownFileType = sourcecode.swift; path = EditProfileView.swift; sourceTree = "<group>"; };
		0C54D67C2ADF88A30027B57B /* ThreadTabViewOption.swift */ = {isa = PBXFileReference; lastKnownFileType = sourcecode.swift; path = ThreadTabViewOption.swift; sourceTree = "<group>"; };
		0C5BE2AC2AE2EC17004B5C3D /* EditProfileViewModel.swift */ = {isa = PBXFileReference; lastKnownFileType = sourcecode.swift; path = EditProfileViewModel.swift; sourceTree = "<group>"; };
		0C5BE2AE2AE2EE5C004B5C3D /* ImageUploader.swift */ = {isa = PBXFileReference; lastKnownFileType = sourcecode.swift; path = ImageUploader.swift; sourceTree = "<group>"; };
		0C877F832AE1E1EC0099CD85 /* AuthServiceDelegate.swift */ = {isa = PBXFileReference; lastKnownFileType = sourcecode.swift; path = AuthServiceDelegate.swift; sourceTree = "<group>"; };
		0C877F872AE1EBD60099CD85 /* User.swift */ = {isa = PBXFileReference; lastKnownFileType = sourcecode.swift; path = User.swift; sourceTree = "<group>"; };
		0C877F892AE1F49C0099CD85 /* UserService.swift */ = {isa = PBXFileReference; lastKnownFileType = sourcecode.swift; path = UserService.swift; sourceTree = "<group>"; };
		0C877F8C2AE1F5ED0099CD85 /* ProfileViewModel.swift */ = {isa = PBXFileReference; lastKnownFileType = sourcecode.swift; path = ProfileViewModel.swift; sourceTree = "<group>"; };
		0C877F8E2AE1FAC60099CD85 /* ExploreViewModel.swift */ = {isa = PBXFileReference; lastKnownFileType = sourcecode.swift; path = ExploreViewModel.swift; sourceTree = "<group>"; };
		0C877F902AE1FDC10099CD85 /* DeveloperPreview.swift */ = {isa = PBXFileReference; lastKnownFileType = sourcecode.swift; path = DeveloperPreview.swift; sourceTree = "<group>"; };
/* End PBXFileReference section */

/* Begin PBXFrameworksBuildPhase section */
		0C54D6282ADE26B20027B57B /* Frameworks */ = {
			isa = PBXFrameworksBuildPhase;
			buildActionMask = 2147483647;
			files = (
				0C28FF082AE001FA00994E12 /* FirebaseDatabase in Frameworks */,
				0C28FF162AE001FA00994E12 /* FirebaseFunctionsCombine-Community in Frameworks */,
				0C28FF0E2AE001FA00994E12 /* FirebaseFirestore in Frameworks */,
				0C28FEFA2AE001FA00994E12 /* FirebaseAnalyticsSwift in Frameworks */,
				0C28FEF62AE001FA00994E12 /* FirebaseAnalytics in Frameworks */,
				0C28FEF82AE001FA00994E12 /* FirebaseAnalyticsOnDeviceConversion in Frameworks */,
				0C28FF1E2AE001FA00994E12 /* FirebaseMLModelDownloader in Frameworks */,
				0C28FF122AE001FA00994E12 /* FirebaseFirestoreSwift in Frameworks */,
				0C28FEFE2AE001FA00994E12 /* FirebaseAppCheck in Frameworks */,
				0C28FEFC2AE001FA00994E12 /* FirebaseAnalyticsWithoutAdIdSupport in Frameworks */,
				0C28FF022AE001FA00994E12 /* FirebaseAuth in Frameworks */,
				0C28FF062AE001FA00994E12 /* FirebaseCrashlytics in Frameworks */,
				0C28FF262AE001FA00994E12 /* FirebaseRemoteConfigSwift in Frameworks */,
				0C28FF182AE001FA00994E12 /* FirebaseInAppMessaging-Beta in Frameworks */,
				0C28FF0A2AE001FA00994E12 /* FirebaseDatabaseSwift in Frameworks */,
				0C28FF142AE001FA00994E12 /* FirebaseFunctions in Frameworks */,
				0C52C93A2AF0734C00F84757 /* Kingfisher in Frameworks */,
				0C28FF2A2AE001FA00994E12 /* FirebaseStorageCombine-Community in Frameworks */,
				0C28FF242AE001FA00994E12 /* FirebaseRemoteConfig in Frameworks */,
				0C28FF002AE001FA00994E12 /* FirebaseAppDistribution-Beta in Frameworks */,
				0C28FF042AE001FA00994E12 /* FirebaseAuthCombine-Community in Frameworks */,
				0C28FF222AE001FA00994E12 /* FirebasePerformance in Frameworks */,
				0C28FF1A2AE001FA00994E12 /* FirebaseInAppMessagingSwift-Beta in Frameworks */,
				0C28FF282AE001FA00994E12 /* FirebaseStorage in Frameworks */,
				0C28FF0C2AE001FA00994E12 /* FirebaseDynamicLinks in Frameworks */,
				0C28FF102AE001FA00994E12 /* FirebaseFirestoreCombine-Community in Frameworks */,
				0C28FF202AE001FA00994E12 /* FirebaseMessaging in Frameworks */,
				0C28FF1C2AE001FA00994E12 /* FirebaseInstallations in Frameworks */,
			);
			runOnlyForDeploymentPostprocessing = 0;
		};
/* End PBXFrameworksBuildPhase section */

/* Begin PBXGroup section */
		0C28FF2B2AE0166900994E12 /* ViewModel */ = {
			isa = PBXGroup;
			children = (
				0C54D6542ADE36ED0027B57B /* LoginViewModel.swift */,
				0C54D6522ADE35BF0027B57B /* RegistrationViewModel.swift */,
			);
			path = ViewModel;
			sourceTree = "<group>";
		};
		0C28FF2C2AE0170B00994E12 /* AuthService */ = {
			isa = PBXGroup;
			children = (
				0C28FF2D2AE0172200994E12 /* AuthService.swift */,
				0C877F832AE1E1EC0099CD85 /* AuthServiceDelegate.swift */,
			);
			path = AuthService;
			sourceTree = "<group>";
		};
		0C44CACF2AE2B960005D8985 /* CurrentUserProfileView */ = {
			isa = PBXGroup;
			children = (
				0C44CAD32AE2B9BF005D8985 /* ViewModel */,
				0C44CAD22AE2B9B8005D8985 /* View */,
			);
			path = CurrentUserProfileView;
			sourceTree = "<group>";
		};
		0C44CAD22AE2B9B8005D8985 /* View */ = {
			isa = PBXGroup;
			children = (
				0C44CAD02AE2B973005D8985 /* CurrentUserProfileView.swift */,
			);
			path = View;
			sourceTree = "<group>";
		};
		0C44CAD32AE2B9BF005D8985 /* ViewModel */ = {
			isa = PBXGroup;
			children = (
				0C44CAD42AE2B9D0005D8985 /* CurrentUserProfileViewModel.swift */,
			);
			path = ViewModel;
			sourceTree = "<group>";
		};
		0C44CAD62AE2BBA1005D8985 /* Components */ = {
			isa = PBXGroup;
			children = (
				0C44CAD72AE2BBB3005D8985 /* ProfileHeaderView.swift */,
				0C44CAD92AE2BD87005D8985 /* UserContentListView.swift */,
			);
			path = Components;
			sourceTree = "<group>";
		};
		0C54D6222ADE26B20027B57B = {
			isa = PBXGroup;
			children = (
				0C54D62D2ADE26B20027B57B /* ThreadsCopy */,
				0C54D62C2ADE26B20027B57B /* Products */,
			);
			sourceTree = "<group>";
		};
		0C54D62C2ADE26B20027B57B /* Products */ = {
			isa = PBXGroup;
			children = (
				0C54D62B2ADE26B20027B57B /* ThreadsCopy.app */,
			);
			name = Products;
			sourceTree = "<group>";
		};
		0C54D62D2ADE26B20027B57B /* ThreadsCopy */ = {
			isa = PBXGroup;
			children = (
				0C54D63F2ADE26EE0027B57B /* App */,
				0C54D63C2ADE26E30027B57B /* Core */,
				0C54D6432ADE271D0027B57B /* Utils */,
				0C54D6422ADE27100027B57B /* Services */,
				0C54D6412ADE26F30027B57B /* Model */,
				0C54D6402ADE26EF0027B57B /* Extensions */,
				0C54D6322ADE26B30027B57B /* Assets.xcassets */,
				0C52C9362AEFD60B00F84757 /* GoogleService-Info.plist */,
				0C54D6342ADE26B30027B57B /* Preview Content */,
			);
			path = ThreadsCopy;
			sourceTree = "<group>";
		};
		0C54D6342ADE26B30027B57B /* Preview Content */ = {
			isa = PBXGroup;
			children = (
				0C54D6352ADE26B30027B57B /* Preview Assets.xcassets */,
			);
			path = "Preview Content";
			sourceTree = "<group>";
		};
		0C54D63C2ADE26E30027B57B /* Core */ = {
			isa = PBXGroup;
			children = (
				0C54D6442ADE272F0027B57B /* Authentication */,
				0C54D66E2ADECDAC0027B57B /* Components */,
				0C54D6672ADE40A20027B57B /* Profile */,
				0C54D6632ADE40890027B57B /* Activity */,
				0C54D6602ADE406D0027B57B /* ThreadCreation */,
				0C54D65D2ADE404B0027B57B /* Explore */,
				0C54D6592ADE40240027B57B /* Feed */,
				0C54D6562ADE3C2C0027B57B /* TabBar */,
				0C54D6452ADE27420027B57B /* Root */,
			);
			path = Core;
			sourceTree = "<group>";
		};
		0C54D63F2ADE26EE0027B57B /* App */ = {
			isa = PBXGroup;
			children = (
				0C54D62E2ADE26B20027B57B /* ThreadsCopyApp.swift */,
			);
			path = App;
			sourceTree = "<group>";
		};
		0C54D6402ADE26EF0027B57B /* Extensions */ = {
			isa = PBXGroup;
			children = (
				0C877F902AE1FDC10099CD85 /* DeveloperPreview.swift */,
			);
			path = Extensions;
			sourceTree = "<group>";
		};
		0C54D6412ADE26F30027B57B /* Model */ = {
			isa = PBXGroup;
			children = (
				0C877F872AE1EBD60099CD85 /* User.swift */,
			);
			path = Model;
			sourceTree = "<group>";
		};
		0C54D6422ADE27100027B57B /* Services */ = {
			isa = PBXGroup;
			children = (
				0C877F892AE1F49C0099CD85 /* UserService.swift */,
				0C5BE2AE2AE2EE5C004B5C3D /* ImageUploader.swift */,
			);
			path = Services;
			sourceTree = "<group>";
		};
		0C54D6432ADE271D0027B57B /* Utils */ = {
			isa = PBXGroup;
			children = (
				0C54D64B2ADE2E550027B57B /* ViewModifiers */,
			);
			path = Utils;
			sourceTree = "<group>";
		};
		0C54D6442ADE272F0027B57B /* Authentication */ = {
			isa = PBXGroup;
			children = (
				0C28FF2C2AE0170B00994E12 /* AuthService */,
				0C28FF2B2AE0166900994E12 /* ViewModel */,
				0C54D6462ADE27540027B57B /* Views */,
			);
			path = Authentication;
			sourceTree = "<group>";
		};
		0C54D6452ADE27420027B57B /* Root */ = {
			isa = PBXGroup;
			children = (
				0C54D6302ADE26B20027B57B /* ContentView.swift */,
				0C3BF4DE2AE0B9FB00B5CBE1 /* ContentViewModel.swift */,
			);
			path = Root;
			sourceTree = "<group>";
		};
		0C54D6462ADE27540027B57B /* Views */ = {
			isa = PBXGroup;
			children = (
				0C54D6512ADE35AC0027B57B /* Registration */,
				0C54D6502ADE35A60027B57B /* Login */,
			);
			path = Views;
			sourceTree = "<group>";
		};
		0C54D64B2ADE2E550027B57B /* ViewModifiers */ = {
			isa = PBXGroup;
			children = (
				0C54D64C2ADE2E7B0027B57B /* ThreadsTextFieldModifier.swift */,
				0C54D64E2ADE30800027B57B /* ThreadsLoginSingUpButtonModifier.swift */,
			);
			path = ViewModifiers;
			sourceTree = "<group>";
		};
		0C54D6502ADE35A60027B57B /* Login */ = {
			isa = PBXGroup;
			children = (
				0C54D6472ADE27680027B57B /* LoginView.swift */,
			);
			path = Login;
			sourceTree = "<group>";
		};
		0C54D6512ADE35AC0027B57B /* Registration */ = {
			isa = PBXGroup;
			children = (
				0C54D6492ADE2D290027B57B /* RegistrationView.swift */,
			);
			path = Registration;
			sourceTree = "<group>";
		};
		0C54D6562ADE3C2C0027B57B /* TabBar */ = {
			isa = PBXGroup;
			children = (
				0C54D67B2ADF88870027B57B /* Model */,
				0C54D67A2ADF88820027B57B /* View */,
			);
			path = TabBar;
			sourceTree = "<group>";
		};
		0C54D6592ADE40240027B57B /* Feed */ = {
			isa = PBXGroup;
			children = (
				0C54D65B2ADE403C0027B57B /* FeedView.swift */,
				0C54D66C2ADEBCA60027B57B /* ThreadCell.swift */,
			);
			path = Feed;
			sourceTree = "<group>";
		};
		0C54D65D2ADE404B0027B57B /* Explore */ = {
			isa = PBXGroup;
			children = (
				0C54D65E2ADE40590027B57B /* ExploreView.swift */,
				0C877F8E2AE1FAC60099CD85 /* ExploreViewModel.swift */,
			);
			path = Explore;
			sourceTree = "<group>";
		};
		0C54D6602ADE406D0027B57B /* ThreadCreation */ = {
			isa = PBXGroup;
			children = (
				0C54D66A2ADE40E10027B57B /* CreateThreadView.swift */,
			);
			path = ThreadCreation;
			sourceTree = "<group>";
		};
		0C54D6632ADE40890027B57B /* Activity */ = {
			isa = PBXGroup;
			children = (
				0C54D6652ADE40A00027B57B /* ActivityView.swift */,
			);
			path = Activity;
			sourceTree = "<group>";
		};
		0C54D6672ADE40A20027B57B /* Profile */ = {
			isa = PBXGroup;
			children = (
				0C54D6742ADF79B60027B57B /* Model */,
				0C44CAD62AE2BBA1005D8985 /* Components */,
				0C54D6772ADF7F670027B57B /* EditProfile */,
				0C44CACF2AE2B960005D8985 /* CurrentUserProfileView */,
				0C5BE2AB2AE2EB08004B5C3D /* Profile */,
			);
			path = Profile;
			sourceTree = "<group>";
		};
		0C54D66E2ADECDAC0027B57B /* Components */ = {
			isa = PBXGroup;
			children = (
				0C54D66F2ADECDBF0027B57B /* CircularProfileImageView.swift */,
				0C54D6712ADECE5C0027B57B /* UserCell.swift */,
			);
			path = Components;
			sourceTree = "<group>";
		};
		0C54D6732ADF79B00027B57B /* Profile */ = {
			isa = PBXGroup;
			children = (
				0C54D6682ADE40AC0027B57B /* ProfileView.swift */,
			);
			path = Profile;
			sourceTree = "<group>";
		};
		0C54D6742ADF79B60027B57B /* Model */ = {
			isa = PBXGroup;
			children = (
				0C54D6752ADF79C70027B57B /* ProfileThreadFilter.swift */,
			);
			path = Model;
			sourceTree = "<group>";
		};
		0C54D6772ADF7F670027B57B /* EditProfile */ = {
			isa = PBXGroup;
			children = (
				0C54D6782ADF7F870027B57B /* EditProfileView.swift */,
				0C5BE2AC2AE2EC17004B5C3D /* EditProfileViewModel.swift */,
			);
			path = EditProfile;
			sourceTree = "<group>";
		};
		0C54D67A2ADF88820027B57B /* View */ = {
			isa = PBXGroup;
			children = (
				0C54D6572ADE3C420027B57B /* ThreadsTabView.swift */,
			);
			path = View;
			sourceTree = "<group>";
		};
		0C54D67B2ADF88870027B57B /* Model */ = {
			isa = PBXGroup;
			children = (
				0C54D67C2ADF88A30027B57B /* ThreadTabViewOption.swift */,
			);
			path = Model;
			sourceTree = "<group>";
		};
		0C5BE2AB2AE2EB08004B5C3D /* Profile */ = {
			isa = PBXGroup;
			children = (
				0C877F8B2AE1F5E00099CD85 /* ViewModel */,
				0C54D6732ADF79B00027B57B /* Profile */,
			);
			path = Profile;
			sourceTree = "<group>";
		};
		0C877F8B2AE1F5E00099CD85 /* ViewModel */ = {
			isa = PBXGroup;
			children = (
				0C877F8C2AE1F5ED0099CD85 /* ProfileViewModel.swift */,
			);
			path = ViewModel;
			sourceTree = "<group>";
		};
/* End PBXGroup section */

/* Begin PBXNativeTarget section */
		0C54D62A2ADE26B20027B57B /* ThreadsCopy */ = {
			isa = PBXNativeTarget;
			buildConfigurationList = 0C54D6392ADE26B30027B57B /* Build configuration list for PBXNativeTarget "ThreadsCopy" */;
			buildPhases = (
				0C54D6272ADE26B20027B57B /* Sources */,
				0C54D6282ADE26B20027B57B /* Frameworks */,
				0C54D6292ADE26B20027B57B /* Resources */,
			);
			buildRules = (
			);
			dependencies = (
			);
			name = ThreadsCopy;
			packageProductDependencies = (
				0C28FEF52AE001FA00994E12 /* FirebaseAnalytics */,
				0C28FEF72AE001FA00994E12 /* FirebaseAnalyticsOnDeviceConversion */,
				0C28FEF92AE001FA00994E12 /* FirebaseAnalyticsSwift */,
				0C28FEFB2AE001FA00994E12 /* FirebaseAnalyticsWithoutAdIdSupport */,
				0C28FEFD2AE001FA00994E12 /* FirebaseAppCheck */,
				0C28FEFF2AE001FA00994E12 /* FirebaseAppDistribution-Beta */,
				0C28FF012AE001FA00994E12 /* FirebaseAuth */,
				0C28FF032AE001FA00994E12 /* FirebaseAuthCombine-Community */,
				0C28FF052AE001FA00994E12 /* FirebaseCrashlytics */,
				0C28FF072AE001FA00994E12 /* FirebaseDatabase */,
				0C28FF092AE001FA00994E12 /* FirebaseDatabaseSwift */,
				0C28FF0B2AE001FA00994E12 /* FirebaseDynamicLinks */,
				0C28FF0D2AE001FA00994E12 /* FirebaseFirestore */,
				0C28FF0F2AE001FA00994E12 /* FirebaseFirestoreCombine-Community */,
				0C28FF112AE001FA00994E12 /* FirebaseFirestoreSwift */,
				0C28FF132AE001FA00994E12 /* FirebaseFunctions */,
				0C28FF152AE001FA00994E12 /* FirebaseFunctionsCombine-Community */,
				0C28FF172AE001FA00994E12 /* FirebaseInAppMessaging-Beta */,
				0C28FF192AE001FA00994E12 /* FirebaseInAppMessagingSwift-Beta */,
				0C28FF1B2AE001FA00994E12 /* FirebaseInstallations */,
				0C28FF1D2AE001FA00994E12 /* FirebaseMLModelDownloader */,
				0C28FF1F2AE001FA00994E12 /* FirebaseMessaging */,
				0C28FF212AE001FA00994E12 /* FirebasePerformance */,
				0C28FF232AE001FA00994E12 /* FirebaseRemoteConfig */,
				0C28FF252AE001FA00994E12 /* FirebaseRemoteConfigSwift */,
				0C28FF272AE001FA00994E12 /* FirebaseStorage */,
				0C28FF292AE001FA00994E12 /* FirebaseStorageCombine-Community */,
				0C52C9392AF0734C00F84757 /* Kingfisher */,
			);
			productName = ThreadsCopy;
			productReference = 0C54D62B2ADE26B20027B57B /* ThreadsCopy.app */;
			productType = "com.apple.product-type.application";
		};
/* End PBXNativeTarget section */

/* Begin PBXProject section */
		0C54D6232ADE26B20027B57B /* Project object */ = {
			isa = PBXProject;
			attributes = {
				BuildIndependentTargetsInParallel = 1;
				LastSwiftUpdateCheck = 1500;
				LastUpgradeCheck = 1500;
				TargetAttributes = {
					0C54D62A2ADE26B20027B57B = {
						CreatedOnToolsVersion = 15.0;
					};
				};
			};
			buildConfigurationList = 0C54D6262ADE26B20027B57B /* Build configuration list for PBXProject "ThreadsCopy" */;
			compatibilityVersion = "Xcode 14.0";
			developmentRegion = en;
			hasScannedForEncodings = 0;
			knownRegions = (
				en,
				Base,
			);
			mainGroup = 0C54D6222ADE26B20027B57B;
			packageReferences = (
				0C28FEF42AE001FA00994E12 /* XCRemoteSwiftPackageReference "firebase-ios-sdk" */,
				0C52C9382AF0734C00F84757 /* XCRemoteSwiftPackageReference "Kingfisher" */,
			);
			productRefGroup = 0C54D62C2ADE26B20027B57B /* Products */;
			projectDirPath = "";
			projectRoot = "";
			targets = (
				0C54D62A2ADE26B20027B57B /* ThreadsCopy */,
			);
		};
/* End PBXProject section */

/* Begin PBXResourcesBuildPhase section */
		0C54D6292ADE26B20027B57B /* Resources */ = {
			isa = PBXResourcesBuildPhase;
			buildActionMask = 2147483647;
			files = (
				0C54D6362ADE26B30027B57B /* Preview Assets.xcassets in Resources */,
				0C54D6332ADE26B30027B57B /* Assets.xcassets in Resources */,
				0C52C9372AEFD60B00F84757 /* GoogleService-Info.plist in Resources */,
			);
			runOnlyForDeploymentPostprocessing = 0;
		};
/* End PBXResourcesBuildPhase section */

/* Begin PBXSourcesBuildPhase section */
		0C54D6272ADE26B20027B57B /* Sources */ = {
			isa = PBXSourcesBuildPhase;
			buildActionMask = 2147483647;
			files = (
				0C5BE2AD2AE2EC17004B5C3D /* EditProfileViewModel.swift in Sources */,
				0C877F842AE1E1EC0099CD85 /* AuthServiceDelegate.swift in Sources */,
				0C877F8A2AE1F49C0099CD85 /* UserService.swift in Sources */,
				0C54D65F2ADE40590027B57B /* ExploreView.swift in Sources */,
				0C54D65C2ADE403C0027B57B /* FeedView.swift in Sources */,
				0C54D6662ADE40A00027B57B /* ActivityView.swift in Sources */,
				0C44CADA2AE2BD87005D8985 /* UserContentListView.swift in Sources */,
				0C54D67D2ADF88A30027B57B /* ThreadTabViewOption.swift in Sources */,
				0C54D6482ADE27680027B57B /* LoginView.swift in Sources */,
				0C54D6722ADECE5C0027B57B /* UserCell.swift in Sources */,
				0C28FF2E2AE0172200994E12 /* AuthService.swift in Sources */,
				0C44CAD82AE2BBB3005D8985 /* ProfileHeaderView.swift in Sources */,
				0C54D6762ADF79C70027B57B /* ProfileThreadFilter.swift in Sources */,
				0C44CAD12AE2B973005D8985 /* CurrentUserProfileView.swift in Sources */,
				0C877F8D2AE1F5ED0099CD85 /* ProfileViewModel.swift in Sources */,
				0C54D6312ADE26B20027B57B /* ContentView.swift in Sources */,
				0C54D64F2ADE30800027B57B /* ThreadsLoginSingUpButtonModifier.swift in Sources */,
				0C877F912AE1FDC10099CD85 /* DeveloperPreview.swift in Sources */,
				0C54D66B2ADE40E10027B57B /* CreateThreadView.swift in Sources */,
				0C5BE2AF2AE2EE5C004B5C3D /* ImageUploader.swift in Sources */,
				0C44CAD52AE2B9D0005D8985 /* CurrentUserProfileViewModel.swift in Sources */,
				0C54D6532ADE35BF0027B57B /* RegistrationViewModel.swift in Sources */,
				0C54D6552ADE36ED0027B57B /* LoginViewModel.swift in Sources */,
				0C54D6582ADE3C420027B57B /* ThreadsTabView.swift in Sources */,
				0C54D64D2ADE2E7B0027B57B /* ThreadsTextFieldModifier.swift in Sources */,
				0C54D6792ADF7F870027B57B /* EditProfileView.swift in Sources */,
				0C54D66D2ADEBCA60027B57B /* ThreadCell.swift in Sources */,
				0C54D62F2ADE26B20027B57B /* ThreadsCopyApp.swift in Sources */,
				0C3BF4DF2AE0B9FB00B5CBE1 /* ContentViewModel.swift in Sources */,
				0C877F882AE1EBD60099CD85 /* User.swift in Sources */,
				0C54D6702ADECDBF0027B57B /* CircularProfileImageView.swift in Sources */,
				0C877F8F2AE1FAC60099CD85 /* ExploreViewModel.swift in Sources */,
				0C54D64A2ADE2D290027B57B /* RegistrationView.swift in Sources */,
				0C54D6692ADE40AC0027B57B /* ProfileView.swift in Sources */,
			);
			runOnlyForDeploymentPostprocessing = 0;
		};
/* End PBXSourcesBuildPhase section */

/* Begin XCBuildConfiguration section */
		0C54D6372ADE26B30027B57B /* Debug */ = {
			isa = XCBuildConfiguration;
			buildSettings = {
				ALWAYS_SEARCH_USER_PATHS = NO;
				ASSETCATALOG_COMPILER_GENERATE_SWIFT_ASSET_SYMBOL_EXTENSIONS = YES;
				CLANG_ANALYZER_NONNULL = YES;
				CLANG_ANALYZER_NUMBER_OBJECT_CONVERSION = YES_AGGRESSIVE;
				CLANG_CXX_LANGUAGE_STANDARD = "gnu++20";
				CLANG_ENABLE_MODULES = YES;
				CLANG_ENABLE_OBJC_ARC = YES;
				CLANG_ENABLE_OBJC_WEAK = YES;
				CLANG_WARN_BLOCK_CAPTURE_AUTORELEASING = YES;
				CLANG_WARN_BOOL_CONVERSION = YES;
				CLANG_WARN_COMMA = YES;
				CLANG_WARN_CONSTANT_CONVERSION = YES;
				CLANG_WARN_DEPRECATED_OBJC_IMPLEMENTATIONS = YES;
				CLANG_WARN_DIRECT_OBJC_ISA_USAGE = YES_ERROR;
				CLANG_WARN_DOCUMENTATION_COMMENTS = YES;
				CLANG_WARN_EMPTY_BODY = YES;
				CLANG_WARN_ENUM_CONVERSION = YES;
				CLANG_WARN_INFINITE_RECURSION = YES;
				CLANG_WARN_INT_CONVERSION = YES;
				CLANG_WARN_NON_LITERAL_NULL_CONVERSION = YES;
				CLANG_WARN_OBJC_IMPLICIT_RETAIN_SELF = YES;
				CLANG_WARN_OBJC_LITERAL_CONVERSION = YES;
				CLANG_WARN_OBJC_ROOT_CLASS = YES_ERROR;
				CLANG_WARN_QUOTED_INCLUDE_IN_FRAMEWORK_HEADER = YES;
				CLANG_WARN_RANGE_LOOP_ANALYSIS = YES;
				CLANG_WARN_STRICT_PROTOTYPES = YES;
				CLANG_WARN_SUSPICIOUS_MOVE = YES;
				CLANG_WARN_UNGUARDED_AVAILABILITY = YES_AGGRESSIVE;
				CLANG_WARN_UNREACHABLE_CODE = YES;
				CLANG_WARN__DUPLICATE_METHOD_MATCH = YES;
				COPY_PHASE_STRIP = NO;
				DEBUG_INFORMATION_FORMAT = dwarf;
				ENABLE_STRICT_OBJC_MSGSEND = YES;
				ENABLE_TESTABILITY = YES;
				ENABLE_USER_SCRIPT_SANDBOXING = YES;
				GCC_C_LANGUAGE_STANDARD = gnu17;
				GCC_DYNAMIC_NO_PIC = NO;
				GCC_NO_COMMON_BLOCKS = YES;
				GCC_OPTIMIZATION_LEVEL = 0;
				GCC_PREPROCESSOR_DEFINITIONS = (
					"DEBUG=1",
					"$(inherited)",
				);
				GCC_WARN_64_TO_32_BIT_CONVERSION = YES;
				GCC_WARN_ABOUT_RETURN_TYPE = YES_ERROR;
				GCC_WARN_UNDECLARED_SELECTOR = YES;
				GCC_WARN_UNINITIALIZED_AUTOS = YES_AGGRESSIVE;
				GCC_WARN_UNUSED_FUNCTION = YES;
				GCC_WARN_UNUSED_VARIABLE = YES;
				IPHONEOS_DEPLOYMENT_TARGET = 17.0;
				LOCALIZATION_PREFERS_STRING_CATALOGS = YES;
				MTL_ENABLE_DEBUG_INFO = INCLUDE_SOURCE;
				MTL_FAST_MATH = YES;
				ONLY_ACTIVE_ARCH = YES;
				SDKROOT = iphoneos;
				SWIFT_ACTIVE_COMPILATION_CONDITIONS = "DEBUG $(inherited)";
				SWIFT_OPTIMIZATION_LEVEL = "-Onone";
			};
			name = Debug;
		};
		0C54D6382ADE26B30027B57B /* Release */ = {
			isa = XCBuildConfiguration;
			buildSettings = {
				ALWAYS_SEARCH_USER_PATHS = NO;
				ASSETCATALOG_COMPILER_GENERATE_SWIFT_ASSET_SYMBOL_EXTENSIONS = YES;
				CLANG_ANALYZER_NONNULL = YES;
				CLANG_ANALYZER_NUMBER_OBJECT_CONVERSION = YES_AGGRESSIVE;
				CLANG_CXX_LANGUAGE_STANDARD = "gnu++20";
				CLANG_ENABLE_MODULES = YES;
				CLANG_ENABLE_OBJC_ARC = YES;
				CLANG_ENABLE_OBJC_WEAK = YES;
				CLANG_WARN_BLOCK_CAPTURE_AUTORELEASING = YES;
				CLANG_WARN_BOOL_CONVERSION = YES;
				CLANG_WARN_COMMA = YES;
				CLANG_WARN_CONSTANT_CONVERSION = YES;
				CLANG_WARN_DEPRECATED_OBJC_IMPLEMENTATIONS = YES;
				CLANG_WARN_DIRECT_OBJC_ISA_USAGE = YES_ERROR;
				CLANG_WARN_DOCUMENTATION_COMMENTS = YES;
				CLANG_WARN_EMPTY_BODY = YES;
				CLANG_WARN_ENUM_CONVERSION = YES;
				CLANG_WARN_INFINITE_RECURSION = YES;
				CLANG_WARN_INT_CONVERSION = YES;
				CLANG_WARN_NON_LITERAL_NULL_CONVERSION = YES;
				CLANG_WARN_OBJC_IMPLICIT_RETAIN_SELF = YES;
				CLANG_WARN_OBJC_LITERAL_CONVERSION = YES;
				CLANG_WARN_OBJC_ROOT_CLASS = YES_ERROR;
				CLANG_WARN_QUOTED_INCLUDE_IN_FRAMEWORK_HEADER = YES;
				CLANG_WARN_RANGE_LOOP_ANALYSIS = YES;
				CLANG_WARN_STRICT_PROTOTYPES = YES;
				CLANG_WARN_SUSPICIOUS_MOVE = YES;
				CLANG_WARN_UNGUARDED_AVAILABILITY = YES_AGGRESSIVE;
				CLANG_WARN_UNREACHABLE_CODE = YES;
				CLANG_WARN__DUPLICATE_METHOD_MATCH = YES;
				COPY_PHASE_STRIP = NO;
				DEBUG_INFORMATION_FORMAT = "dwarf-with-dsym";
				ENABLE_NS_ASSERTIONS = NO;
				ENABLE_STRICT_OBJC_MSGSEND = YES;
				ENABLE_USER_SCRIPT_SANDBOXING = YES;
				GCC_C_LANGUAGE_STANDARD = gnu17;
				GCC_NO_COMMON_BLOCKS = YES;
				GCC_WARN_64_TO_32_BIT_CONVERSION = YES;
				GCC_WARN_ABOUT_RETURN_TYPE = YES_ERROR;
				GCC_WARN_UNDECLARED_SELECTOR = YES;
				GCC_WARN_UNINITIALIZED_AUTOS = YES_AGGRESSIVE;
				GCC_WARN_UNUSED_FUNCTION = YES;
				GCC_WARN_UNUSED_VARIABLE = YES;
				IPHONEOS_DEPLOYMENT_TARGET = 17.0;
				LOCALIZATION_PREFERS_STRING_CATALOGS = YES;
				MTL_ENABLE_DEBUG_INFO = NO;
				MTL_FAST_MATH = YES;
				SDKROOT = iphoneos;
				SWIFT_COMPILATION_MODE = wholemodule;
				VALIDATE_PRODUCT = YES;
			};
			name = Release;
		};
		0C54D63A2ADE26B30027B57B /* Debug */ = {
			isa = XCBuildConfiguration;
			buildSettings = {
				ASSETCATALOG_COMPILER_APPICON_NAME = AppIcon;
				ASSETCATALOG_COMPILER_GLOBAL_ACCENT_COLOR_NAME = AccentColor;
				CODE_SIGN_STYLE = Automatic;
				CURRENT_PROJECT_VERSION = 1;
				DEVELOPMENT_ASSET_PATHS = "\"ThreadsCopy/Preview Content\"";
				DEVELOPMENT_TEAM = 749Q737TF5;
				ENABLE_PREVIEWS = YES;
				GENERATE_INFOPLIST_FILE = YES;
				INFOPLIST_KEY_UIApplicationSceneManifest_Generation = YES;
				INFOPLIST_KEY_UIApplicationSupportsIndirectInputEvents = YES;
				INFOPLIST_KEY_UILaunchScreen_Generation = YES;
				INFOPLIST_KEY_UISupportedInterfaceOrientations_iPad = "UIInterfaceOrientationPortrait UIInterfaceOrientationPortraitUpsideDown UIInterfaceOrientationLandscapeLeft UIInterfaceOrientationLandscapeRight";
				INFOPLIST_KEY_UISupportedInterfaceOrientations_iPhone = "UIInterfaceOrientationPortrait UIInterfaceOrientationLandscapeLeft UIInterfaceOrientationLandscapeRight";
				LD_RUNPATH_SEARCH_PATHS = (
					"$(inherited)",
					"@executable_path/Frameworks",
				);
				MARKETING_VERSION = 1.0;
				PRODUCT_BUNDLE_IDENTIFIER = com.pb.LucasMigge.ThreadsCopy;
				PRODUCT_NAME = "$(TARGET_NAME)";
				SWIFT_EMIT_LOC_STRINGS = YES;
				SWIFT_VERSION = 5.0;
				TARGETED_DEVICE_FAMILY = "1,2";
			};
			name = Debug;
		};
		0C54D63B2ADE26B30027B57B /* Release */ = {
			isa = XCBuildConfiguration;
			buildSettings = {
				ASSETCATALOG_COMPILER_APPICON_NAME = AppIcon;
				ASSETCATALOG_COMPILER_GLOBAL_ACCENT_COLOR_NAME = AccentColor;
				CODE_SIGN_STYLE = Automatic;
				CURRENT_PROJECT_VERSION = 1;
				DEVELOPMENT_ASSET_PATHS = "\"ThreadsCopy/Preview Content\"";
				DEVELOPMENT_TEAM = 749Q737TF5;
				ENABLE_PREVIEWS = YES;
				GENERATE_INFOPLIST_FILE = YES;
				INFOPLIST_KEY_UIApplicationSceneManifest_Generation = YES;
				INFOPLIST_KEY_UIApplicationSupportsIndirectInputEvents = YES;
				INFOPLIST_KEY_UILaunchScreen_Generation = YES;
				INFOPLIST_KEY_UISupportedInterfaceOrientations_iPad = "UIInterfaceOrientationPortrait UIInterfaceOrientationPortraitUpsideDown UIInterfaceOrientationLandscapeLeft UIInterfaceOrientationLandscapeRight";
				INFOPLIST_KEY_UISupportedInterfaceOrientations_iPhone = "UIInterfaceOrientationPortrait UIInterfaceOrientationLandscapeLeft UIInterfaceOrientationLandscapeRight";
				LD_RUNPATH_SEARCH_PATHS = (
					"$(inherited)",
					"@executable_path/Frameworks",
				);
				MARKETING_VERSION = 1.0;
				PRODUCT_BUNDLE_IDENTIFIER = com.pb.LucasMigge.ThreadsCopy;
				PRODUCT_NAME = "$(TARGET_NAME)";
				SWIFT_EMIT_LOC_STRINGS = YES;
				SWIFT_VERSION = 5.0;
				TARGETED_DEVICE_FAMILY = "1,2";
			};
			name = Release;
		};
/* End XCBuildConfiguration section */

/* Begin XCConfigurationList section */
		0C54D6262ADE26B20027B57B /* Build configuration list for PBXProject "ThreadsCopy" */ = {
			isa = XCConfigurationList;
			buildConfigurations = (
				0C54D6372ADE26B30027B57B /* Debug */,
				0C54D6382ADE26B30027B57B /* Release */,
			);
			defaultConfigurationIsVisible = 0;
			defaultConfigurationName = Release;
		};
		0C54D6392ADE26B30027B57B /* Build configuration list for PBXNativeTarget "ThreadsCopy" */ = {
			isa = XCConfigurationList;
			buildConfigurations = (
				0C54D63A2ADE26B30027B57B /* Debug */,
				0C54D63B2ADE26B30027B57B /* Release */,
			);
			defaultConfigurationIsVisible = 0;
			defaultConfigurationName = Release;
		};
/* End XCConfigurationList section */

/* Begin XCRemoteSwiftPackageReference section */
		0C28FEF42AE001FA00994E12 /* XCRemoteSwiftPackageReference "firebase-ios-sdk" */ = {
			isa = XCRemoteSwiftPackageReference;
			repositoryURL = "https://github.com/firebase/firebase-ios-sdk";
			requirement = {
				kind = upToNextMajorVersion;
				minimumVersion = 10.16.0;
			};
		};
		0C52C9382AF0734C00F84757 /* XCRemoteSwiftPackageReference "Kingfisher" */ = {
			isa = XCRemoteSwiftPackageReference;
			repositoryURL = "https://github.com/onevcat/Kingfisher";
			requirement = {
				kind = upToNextMajorVersion;
				minimumVersion = 7.10.0;
			};
		};
/* End XCRemoteSwiftPackageReference section */

/* Begin XCSwiftPackageProductDependency section */
		0C28FEF52AE001FA00994E12 /* FirebaseAnalytics */ = {
			isa = XCSwiftPackageProductDependency;
			package = 0C28FEF42AE001FA00994E12 /* XCRemoteSwiftPackageReference "firebase-ios-sdk" */;
			productName = FirebaseAnalytics;
		};
		0C28FEF72AE001FA00994E12 /* FirebaseAnalyticsOnDeviceConversion */ = {
			isa = XCSwiftPackageProductDependency;
			package = 0C28FEF42AE001FA00994E12 /* XCRemoteSwiftPackageReference "firebase-ios-sdk" */;
			productName = FirebaseAnalyticsOnDeviceConversion;
		};
		0C28FEF92AE001FA00994E12 /* FirebaseAnalyticsSwift */ = {
			isa = XCSwiftPackageProductDependency;
			package = 0C28FEF42AE001FA00994E12 /* XCRemoteSwiftPackageReference "firebase-ios-sdk" */;
			productName = FirebaseAnalyticsSwift;
		};
		0C28FEFB2AE001FA00994E12 /* FirebaseAnalyticsWithoutAdIdSupport */ = {
			isa = XCSwiftPackageProductDependency;
			package = 0C28FEF42AE001FA00994E12 /* XCRemoteSwiftPackageReference "firebase-ios-sdk" */;
			productName = FirebaseAnalyticsWithoutAdIdSupport;
		};
		0C28FEFD2AE001FA00994E12 /* FirebaseAppCheck */ = {
			isa = XCSwiftPackageProductDependency;
			package = 0C28FEF42AE001FA00994E12 /* XCRemoteSwiftPackageReference "firebase-ios-sdk" */;
			productName = FirebaseAppCheck;
		};
		0C28FEFF2AE001FA00994E12 /* FirebaseAppDistribution-Beta */ = {
			isa = XCSwiftPackageProductDependency;
			package = 0C28FEF42AE001FA00994E12 /* XCRemoteSwiftPackageReference "firebase-ios-sdk" */;
			productName = "FirebaseAppDistribution-Beta";
		};
		0C28FF012AE001FA00994E12 /* FirebaseAuth */ = {
			isa = XCSwiftPackageProductDependency;
			package = 0C28FEF42AE001FA00994E12 /* XCRemoteSwiftPackageReference "firebase-ios-sdk" */;
			productName = FirebaseAuth;
		};
		0C28FF032AE001FA00994E12 /* FirebaseAuthCombine-Community */ = {
			isa = XCSwiftPackageProductDependency;
			package = 0C28FEF42AE001FA00994E12 /* XCRemoteSwiftPackageReference "firebase-ios-sdk" */;
			productName = "FirebaseAuthCombine-Community";
		};
		0C28FF052AE001FA00994E12 /* FirebaseCrashlytics */ = {
			isa = XCSwiftPackageProductDependency;
			package = 0C28FEF42AE001FA00994E12 /* XCRemoteSwiftPackageReference "firebase-ios-sdk" */;
			productName = FirebaseCrashlytics;
		};
		0C28FF072AE001FA00994E12 /* FirebaseDatabase */ = {
			isa = XCSwiftPackageProductDependency;
			package = 0C28FEF42AE001FA00994E12 /* XCRemoteSwiftPackageReference "firebase-ios-sdk" */;
			productName = FirebaseDatabase;
		};
		0C28FF092AE001FA00994E12 /* FirebaseDatabaseSwift */ = {
			isa = XCSwiftPackageProductDependency;
			package = 0C28FEF42AE001FA00994E12 /* XCRemoteSwiftPackageReference "firebase-ios-sdk" */;
			productName = FirebaseDatabaseSwift;
		};
		0C28FF0B2AE001FA00994E12 /* FirebaseDynamicLinks */ = {
			isa = XCSwiftPackageProductDependency;
			package = 0C28FEF42AE001FA00994E12 /* XCRemoteSwiftPackageReference "firebase-ios-sdk" */;
			productName = FirebaseDynamicLinks;
		};
		0C28FF0D2AE001FA00994E12 /* FirebaseFirestore */ = {
			isa = XCSwiftPackageProductDependency;
			package = 0C28FEF42AE001FA00994E12 /* XCRemoteSwiftPackageReference "firebase-ios-sdk" */;
			productName = FirebaseFirestore;
		};
		0C28FF0F2AE001FA00994E12 /* FirebaseFirestoreCombine-Community */ = {
			isa = XCSwiftPackageProductDependency;
			package = 0C28FEF42AE001FA00994E12 /* XCRemoteSwiftPackageReference "firebase-ios-sdk" */;
			productName = "FirebaseFirestoreCombine-Community";
		};
		0C28FF112AE001FA00994E12 /* FirebaseFirestoreSwift */ = {
			isa = XCSwiftPackageProductDependency;
			package = 0C28FEF42AE001FA00994E12 /* XCRemoteSwiftPackageReference "firebase-ios-sdk" */;
			productName = FirebaseFirestoreSwift;
		};
		0C28FF132AE001FA00994E12 /* FirebaseFunctions */ = {
			isa = XCSwiftPackageProductDependency;
			package = 0C28FEF42AE001FA00994E12 /* XCRemoteSwiftPackageReference "firebase-ios-sdk" */;
			productName = FirebaseFunctions;
		};
		0C28FF152AE001FA00994E12 /* FirebaseFunctionsCombine-Community */ = {
			isa = XCSwiftPackageProductDependency;
			package = 0C28FEF42AE001FA00994E12 /* XCRemoteSwiftPackageReference "firebase-ios-sdk" */;
			productName = "FirebaseFunctionsCombine-Community";
		};
		0C28FF172AE001FA00994E12 /* FirebaseInAppMessaging-Beta */ = {
			isa = XCSwiftPackageProductDependency;
			package = 0C28FEF42AE001FA00994E12 /* XCRemoteSwiftPackageReference "firebase-ios-sdk" */;
			productName = "FirebaseInAppMessaging-Beta";
		};
		0C28FF192AE001FA00994E12 /* FirebaseInAppMessagingSwift-Beta */ = {
			isa = XCSwiftPackageProductDependency;
			package = 0C28FEF42AE001FA00994E12 /* XCRemoteSwiftPackageReference "firebase-ios-sdk" */;
			productName = "FirebaseInAppMessagingSwift-Beta";
		};
		0C28FF1B2AE001FA00994E12 /* FirebaseInstallations */ = {
			isa = XCSwiftPackageProductDependency;
			package = 0C28FEF42AE001FA00994E12 /* XCRemoteSwiftPackageReference "firebase-ios-sdk" */;
			productName = FirebaseInstallations;
		};
		0C28FF1D2AE001FA00994E12 /* FirebaseMLModelDownloader */ = {
			isa = XCSwiftPackageProductDependency;
			package = 0C28FEF42AE001FA00994E12 /* XCRemoteSwiftPackageReference "firebase-ios-sdk" */;
			productName = FirebaseMLModelDownloader;
		};
		0C28FF1F2AE001FA00994E12 /* FirebaseMessaging */ = {
			isa = XCSwiftPackageProductDependency;
			package = 0C28FEF42AE001FA00994E12 /* XCRemoteSwiftPackageReference "firebase-ios-sdk" */;
			productName = FirebaseMessaging;
		};
		0C28FF212AE001FA00994E12 /* FirebasePerformance */ = {
			isa = XCSwiftPackageProductDependency;
			package = 0C28FEF42AE001FA00994E12 /* XCRemoteSwiftPackageReference "firebase-ios-sdk" */;
			productName = FirebasePerformance;
		};
		0C28FF232AE001FA00994E12 /* FirebaseRemoteConfig */ = {
			isa = XCSwiftPackageProductDependency;
			package = 0C28FEF42AE001FA00994E12 /* XCRemoteSwiftPackageReference "firebase-ios-sdk" */;
			productName = FirebaseRemoteConfig;
		};
		0C28FF252AE001FA00994E12 /* FirebaseRemoteConfigSwift */ = {
			isa = XCSwiftPackageProductDependency;
			package = 0C28FEF42AE001FA00994E12 /* XCRemoteSwiftPackageReference "firebase-ios-sdk" */;
			productName = FirebaseRemoteConfigSwift;
		};
		0C28FF272AE001FA00994E12 /* FirebaseStorage */ = {
			isa = XCSwiftPackageProductDependency;
			package = 0C28FEF42AE001FA00994E12 /* XCRemoteSwiftPackageReference "firebase-ios-sdk" */;
			productName = FirebaseStorage;
		};
		0C28FF292AE001FA00994E12 /* FirebaseStorageCombine-Community */ = {
			isa = XCSwiftPackageProductDependency;
			package = 0C28FEF42AE001FA00994E12 /* XCRemoteSwiftPackageReference "firebase-ios-sdk" */;
			productName = "FirebaseStorageCombine-Community";
		};
		0C52C9392AF0734C00F84757 /* Kingfisher */ = {
			isa = XCSwiftPackageProductDependency;
			package = 0C52C9382AF0734C00F84757 /* XCRemoteSwiftPackageReference "Kingfisher" */;
			productName = Kingfisher;
		};
/* End XCSwiftPackageProductDependency section */
	};
	rootObject = 0C54D6232ADE26B20027B57B /* Project object */;
}
